# Exact source revisions used by the GDOX Android build.
#
# The runtime is built from official xemu and SDL2 revisions plus the audited
# patch series under android/emulator. HakuX is recorded solely as provenance
# for the recovered Android portability work.
XEMU_REPOSITORY=https://github.com/xemu-project/xemu.git
XEMU_ANDROID_BASE_REVISION=26fcbe54f17e496bdf530dad9f237e74e2f943fc
XEMU_SOURCE_TREE_SHA256=2337c8b8c557805e20ba140a3edf4a7c6921bd6193cc2c01bbd4514ac275385f
XEMU_ANDROID_PORT_PROVENANCE_REPOSITORY=https://github.com/rfandango/hakuX.git
XEMU_ANDROID_PORT_PROVENANCE_REVISION=8560a8911fa55b0305a0106991dd16fa7c7842ca
SDL2_REPOSITORY=https://github.com/libsdl-org/SDL.git
SDL2_REVISION=5d249570393f7a37e037abf22cd6012a4cc56a71
SDL2_SOURCE_TREE_SHA256=5b67767390f9f1cea7090440befefb49b8564b560f50d2a065da85b7f48d9541
LIBUSB_REPOSITORY=https://github.com/libusb/libusb.git
LIBUSB_REVISION=d52e355daa09f17ce64819122cb067b8a2ee0d4b
LIBUSB_SOURCE_TREE_SHA256=54d36984e098f586602dccdd0f38d208fded70711de0b11ebe424e1fd3882ae5
TOMLPLUSPLUS_REVISION=30172438cee64926dc41fdd9c11fb3ba5b2ba9de
TOMLPLUSPLUS_SOURCE_TREE_SHA256=8ff5bbbf4762de0688cc21c3552f96ce14d9c8d8417ca2cb6a631e72514a044a
VOLK_REVISION=0b17a763ba5643e32da1b2152f8140461b3b7345
VOLK_SOURCE_TREE_SHA256=873b126fc8e96db59f1b27f7757ce67d02af1519f74a7f0e11c88e4b1e64a29c
GLSLANG_REVISION=b5782e52ee2f7b3e40bb9c80d15b47016e008bc9
GLSLANG_SOURCE_TREE_SHA256=c0545757a65f72bbd389c175a278cd0b3bab7d5fdc22f5442bbadc03b6890dab
SPIRV_REFLECT_REVISION=ef913b3ab3da1becca3cf46b15a10667c67bebe5
SPIRV_REFLECT_SOURCE_TREE_SHA256=b0c378cb14db05755ac90bb0649e1c7350e5aa39c3dba82b9900c673d49a15c2
VMA_REVISION=1d8f600fd424278486eade7ed3e877c99f0846b1
VMA_SOURCE_TREE_SHA256=8ef090e1f5ac8929cc91cd81820ffebb038daae2ecd7aa70eeb8c5bf55ca7048
GLIB_VERSION=2.66.8
GLIB_SOURCE_SHA256=97bc87dd91365589af5cbbfea2574833aea7a1b71840fd365ecd2852c76b9c8b
GLIB_SOURCE_TREE_SHA256=91ecd3d2f8041e706f0793eaca93dc53ceee849618c643dad7606870be07be3e
GLIB_LIBFFI_REVISION=83d0cfd00d7d37af4b4349511d29f1f0512621b3
GLIB_LIBFFI_SOURCE_TREE_SHA256=05fb028582c60938f31f47940fd459d9d6b4483804ac877a917276fdc9463157
GLIB_PROXYLIBINTL_REVISION=e792f40de9b2d5c660003276c022ba8d3038fe62
GLIB_PROXYLIBINTL_SOURCE_TREE_SHA256=975655113a169fb5fec0145048aa369ff465b93e176294ab508dd17b07f2bcbb
GRADLE_DISTRIBUTION_SHA256=a17ddd85a26b6a7f5ddb71ff8b05fc5104c0202c6e64782429790c933686c806
GRADLE_WRAPPER_JAR_SHA256=76805e32c009c0cf0dd5d206bddc9fb22ea42e84db904b764f3047de095493f3
